
Microsoft Visual Studio Solution File, Format Version 12.00
# Visual Studio 15
VisualStudioVersion = 15.0.26730.16
MinimumVisualStudioVersion = 10.0.40219.1
Project("{FAE04EC0-301F-11D3-BF4B-00C04F79EFBC}") = "Solutions", "Solutions\Solutions.csproj", "{9DEDBD2C-8A6D-4CFF-B9E0-B7C951CC47F5}"
EndProject
Project("{FAE04EC0-301F-11D3-BF4B-00C04F79EFBC}") = "Tests", "Tests\Tests.csproj", "{96738063-A872-498E-B9AD-9BF53389BE38}"
EndProject
Global
	GlobalSection(SolutionConfigurationPlatforms) = preSolution
		Debug|Any CPU = Debug|Any CPU
		Release|Any CPU = Release|Any CPU
	EndGlobalSection
	GlobalSection(ProjectConfigurationPlatforms) = postSolution
		{9DEDBD2C-8A6D-4CFF-B9E0-B7C951CC47F5}.Debug|Any CPU.ActiveCfg = Debug|Any CPU
		{9DEDBD2C-8A6D-4CFF-B9E0-B7C951CC47F5}.Debug|Any CPU.Build.0 = Debug|Any CPU
		{9DEDBD2C-8A6D-4CFF-B9E0-B7C951CC47F5}.Release|Any CPU.ActiveCfg = Release|Any CPU
		{9DEDBD2C-8A6D-4CFF-B9E0-B7C951CC47F5}.Release|Any CPU.Build.0 = Release|Any CPU
		{96738063-A872-498E-B9AD-9BF53389BE38}.Debug|Any CPU.ActiveCfg = Debug|Any CPU
		{96738063-A872-498E-B9AD-9BF53389BE38}.Debug|Any CPU.Build.0 = Debug|Any CPU
		{96738063-A872-498E-B9AD-9BF53389BE38}.Release|Any CPU.ActiveCfg = Release|Any CPU
		{96738063-A872-498E-B9AD-9BF53389BE38}.Release|Any CPU.Build.0 = Release|Any CPU
	EndGlobalSection
	GlobalSection(SolutionProperties) = preSolution
		HideSolutionNode = FALSE
	EndGlobalSection
	GlobalSection(ExtensibilityGlobals) = postSolution
		SolutionGuid = {AB98DA20-6087-4A78-92E1-70AE38BD009B}
	EndGlobalSection
EndGlobal
